
Microsoft Visual Studio Solution File, Format Version 12.00
# Visual Studio 15
VisualStudioVersion = 15.0.28307.489
MinimumVisualStudioVersion = 10.0.40219.1
Project("{9A19103F-16F7-4668-BE54-9A1E7A4F7556}") = "Heroes", "Heroes.csproj", "{AF5630ED-CFBA-4ABF-9183-9DF7649E0BE6}"
EndProject
Global
	GlobalSection(SolutionConfigurationPlatforms) = preSolution
		Debug|Any CPU = Debug|Any CPU
		Release|Any CPU = Release|Any CPU
	EndGlobalSection
	GlobalSection(ProjectConfigurationPlatforms) = postSolution
		{AF5630ED-CFBA-4ABF-9183-9DF7649E0BE6}.Debug|Any CPU.ActiveCfg = Debug|Any CPU
		{AF5630ED-CFBA-4ABF-9183-9DF7649E0BE6}.Debug|Any CPU.Build.0 = Debug|Any CPU
		{AF5630ED-CFBA-4ABF-9183-9DF7649E0BE6}.Release|Any CPU.ActiveCfg = Release|Any CPU
		{AF5630ED-CFBA-4ABF-9183-9DF7649E0BE6}.Release|Any CPU.Build.0 = Release|Any CPU
	EndGlobalSection
	GlobalSection(SolutionProperties) = preSolution
		HideSolutionNode = FALSE
	EndGlobalSection
	GlobalSection(ExtensibilityGlobals) = postSolution
		SolutionGuid = {6EF29DD7-F462-4E3B-B260-E512A9A0AEB4}
	EndGlobalSection
EndGlobal
